// !$*UTF8*$!
{
	archiveVersion = 1;
	classes = {
	};
	objectVersion = 51;
	objects = {

/* Begin PBXBuildFile section */
		008281839A14BAF65BC27C24 /* Pods_testProject.framework in Frameworks */ = {isa = PBXBuildFile; fileRef = B5F57EF86E18031FED174421 /* Pods_testProject.framework */; };
		4F5AFE7723EC7BF0004EDF34 /* RateCell.swift in Sources */ = {isa = PBXBuildFile; fileRef = 4F5AFE7623EC7BF0004EDF34 /* RateCell.swift */; };
		4F5AFE7A23EC7C2D004EDF34 /* RateCell.xib in Resources */ = {isa = PBXBuildFile; fileRef = 4F5AFE7923EC7C2D004EDF34 /* RateCell.xib */; };
		4F5D11FA23EC3F1500754293 /* RatesViewController.swift in Sources */ = {isa = PBXBuildFile; fileRef = 4F5D11F923EC3F1500754293 /* RatesViewController.swift */; };
		4F5D11FC23EC405E00754293 /* Default-568h@2x.png in Resources */ = {isa = PBXBuildFile; fileRef = 4F5D11FB23EC405E00754293 /* Default-568h@2x.png */; };
		4F5D11FF23EC422C00754293 /* UIImageView+Extension.swift in Sources */ = {isa = PBXBuildFile; fileRef = 4F5D11FE23EC422C00754293 /* UIImageView+Extension.swift */; };
		4F5D120F23EC4ABB00754293 /* NetworkService.swift in Sources */ = {isa = PBXBuildFile; fileRef = 4F5D120E23EC4ABB00754293 /* NetworkService.swift */; };
		4F5D121123EC4AF800754293 /* EndPointType.swift in Sources */ = {isa = PBXBuildFile; fileRef = 4F5D121023EC4AF800754293 /* EndPointType.swift */; };
		4F5D121523EC4B3100754293 /* NetworkResponse.swift in Sources */ = {isa = PBXBuildFile; fileRef = 4F5D121423EC4B3100754293 /* NetworkResponse.swift */; };
		4F5D121723EC4B3F00754293 /* ParameterEncoder.swift in Sources */ = {isa = PBXBuildFile; fileRef = 4F5D121623EC4B3F00754293 /* ParameterEncoder.swift */; };
		4F5D121923EC4B4F00754293 /* NetworkError.swift in Sources */ = {isa = PBXBuildFile; fileRef = 4F5D121823EC4B4F00754293 /* NetworkError.swift */; };
		4F5D121B23EC4B9400754293 /* NetworkServiceProtocol.swift in Sources */ = {isa = PBXBuildFile; fileRef = 4F5D121A23EC4B9400754293 /* NetworkServiceProtocol.swift */; };
		4F5D121E23EC4BEF00754293 /* URLParameterEncoder.swift in Sources */ = {isa = PBXBuildFile; fileRef = 4F5D121D23EC4BEF00754293 /* URLParameterEncoder.swift */; };
		4F5D122023EC4C0600754293 /* JSONParameterEncoder.swift in Sources */ = {isa = PBXBuildFile; fileRef = 4F5D121F23EC4C0600754293 /* JSONParameterEncoder.swift */; };
		4F5D122223EC53C900754293 /* HTTPMethod.swift in Sources */ = {isa = PBXBuildFile; fileRef = 4F5D122123EC53C900754293 /* HTTPMethod.swift */; };
		4F5D122423EC565000754293 /* RatesViewModel.swift in Sources */ = {isa = PBXBuildFile; fileRef = 4F5D122323EC565000754293 /* RatesViewModel.swift */; };
		4F5D122623EC569B00754293 /* RateViewModel.swift in Sources */ = {isa = PBXBuildFile; fileRef = 4F5D122523EC569B00754293 /* RateViewModel.swift */; };
		4F5D122823EC64BC00754293 /* RatesRepository.swift in Sources */ = {isa = PBXBuildFile; fileRef = 4F5D122723EC64BC00754293 /* RatesRepository.swift */; };
		4F5D122C23EC672300754293 /* Utility.swift in Sources */ = {isa = PBXBuildFile; fileRef = 4F5D122B23EC672300754293 /* Utility.swift */; };
		4F5D122E23EC6BF200754293 /* RateItem.swift in Sources */ = {isa = PBXBuildFile; fileRef = 4F5D122D23EC6BF200754293 /* RateItem.swift */; };
		4F5DF33123F2F1A400C1EB07 /* RateDataBase.swift in Sources */ = {isa = PBXBuildFile; fileRef = 4F5DF33023F2F1A400C1EB07 /* RateDataBase.swift */; };
		4F5DF33523F2F35200C1EB07 /* RateDBModel.swift in Sources */ = {isa = PBXBuildFile; fileRef = 4F5DF33423F2F35200C1EB07 /* RateDBModel.swift */; };
		4F805D9A23EB1CB30059C671 /* AppDelegate.swift in Sources */ = {isa = PBXBuildFile; fileRef = 4F805D9923EB1CB30059C671 /* AppDelegate.swift */; };
		4F805DA323EB1CB60059C671 /* Assets.xcassets in Resources */ = {isa = PBXBuildFile; fileRef = 4F805DA223EB1CB60059C671 /* Assets.xcassets */; };
		4F99EE7A23ECA2E7000898F2 /* RatesVCDelegate.swift in Sources */ = {isa = PBXBuildFile; fileRef = 4F99EE7923ECA2E7000898F2 /* RatesVCDelegate.swift */; };
		4F99EE7C23ECA5FB000898F2 /* RepositoryProtocol.swift in Sources */ = {isa = PBXBuildFile; fileRef = 4F99EE7B23ECA5FB000898F2 /* RepositoryProtocol.swift */; };
		4F99EE8923F2DFD0000898F2 /* Realm.framework in Frameworks */ = {isa = PBXBuildFile; fileRef = 4F99EE8823F2DFD0000898F2 /* Realm.framework */; };
		4FB32EFB23F4652F009F1FB6 /* CountryAbbr.json in Resources */ = {isa = PBXBuildFile; fileRef = 4FB32EFA23F4652F009F1FB6 /* CountryAbbr.json */; };
/* End PBXBuildFile section */

/* Begin PBXFileReference section */
		4F5AFE7623EC7BF0004EDF34 /* RateCell.swift */ = {isa = PBXFileReference; lastKnownFileType = sourcecode.swift; path = RateCell.swift; sourceTree = "<group>"; };
		4F5AFE7923EC7C2D004EDF34 /* RateCell.xib */ = {isa = PBXFileReference; lastKnownFileType = file.xib; path = RateCell.xib; sourceTree = "<group>"; };
		4F5D11F923EC3F1500754293 /* RatesViewController.swift */ = {isa = PBXFileReference; lastKnownFileType = sourcecode.swift; path = RatesViewController.swift; sourceTree = "<group>"; };
		4F5D11FB23EC405E00754293 /* Default-568h@2x.png */ = {isa = PBXFileReference; lastKnownFileType = image.png; path = "Default-568h@2x.png"; sourceTree = "<group>"; };
		4F5D11FE23EC422C00754293 /* UIImageView+Extension.swift */ = {isa = PBXFileReference; lastKnownFileType = sourcecode.swift; path = "UIImageView+Extension.swift"; sourceTree = "<group>"; };
		4F5D120523EC48A700754293 /* Realm.framework */ = {isa = PBXFileReference; explicitFileType = wrapper.framework; path = Realm.framework; sourceTree = BUILT_PRODUCTS_DIR; };
		4F5D120923EC48D000754293 /* Realm.framework */ = {isa = PBXFileReference; explicitFileType = wrapper.framework; path = Realm.framework; sourceTree = BUILT_PRODUCTS_DIR; };
		4F5D120E23EC4ABB00754293 /* NetworkService.swift */ = {isa = PBXFileReference; lastKnownFileType = sourcecode.swift; path = NetworkService.swift; sourceTree = "<group>"; };
		4F5D121023EC4AF800754293 /* EndPointType.swift */ = {isa = PBXFileReference; lastKnownFileType = sourcecode.swift; path = EndPointType.swift; sourceTree = "<group>"; };
		4F5D121423EC4B3100754293 /* NetworkResponse.swift */ = {isa = PBXFileReference; lastKnownFileType = sourcecode.swift; path = NetworkResponse.swift; sourceTree = "<group>"; };
		4F5D121623EC4B3F00754293 /* ParameterEncoder.swift */ = {isa = PBXFileReference; lastKnownFileType = sourcecode.swift; path = ParameterEncoder.swift; sourceTree = "<group>"; };
		4F5D121823EC4B4F00754293 /* NetworkError.swift */ = {isa = PBXFileReference; lastKnownFileType = sourcecode.swift; path = NetworkError.swift; sourceTree = "<group>"; };
		4F5D121A23EC4B9400754293 /* NetworkServiceProtocol.swift */ = {isa = PBXFileReference; lastKnownFileType = sourcecode.swift; path = NetworkServiceProtocol.swift; sourceTree = "<group>"; };
		4F5D121D23EC4BEF00754293 /* URLParameterEncoder.swift */ = {isa = PBXFileReference; lastKnownFileType = sourcecode.swift; path = URLParameterEncoder.swift; sourceTree = "<group>"; };
		4F5D121F23EC4C0600754293 /* JSONParameterEncoder.swift */ = {isa = PBXFileReference; lastKnownFileType = sourcecode.swift; path = JSONParameterEncoder.swift; sourceTree = "<group>"; };
		4F5D122123EC53C900754293 /* HTTPMethod.swift */ = {isa = PBXFileReference; lastKnownFileType = sourcecode.swift; path = HTTPMethod.swift; sourceTree = "<group>"; };
		4F5D122323EC565000754293 /* RatesViewModel.swift */ = {isa = PBXFileReference; lastKnownFileType = sourcecode.swift; path = RatesViewModel.swift; sourceTree = "<group>"; };
		4F5D122523EC569B00754293 /* RateViewModel.swift */ = {isa = PBXFileReference; lastKnownFileType = sourcecode.swift; path = RateViewModel.swift; sourceTree = "<group>"; };
		4F5D122723EC64BC00754293 /* RatesRepository.swift */ = {isa = PBXFileReference; lastKnownFileType = sourcecode.swift; path = RatesRepository.swift; sourceTree = "<group>"; };
		4F5D122B23EC672300754293 /* Utility.swift */ = {isa = PBXFileReference; lastKnownFileType = sourcecode.swift; path = Utility.swift; sourceTree = "<group>"; };
		4F5D122D23EC6BF200754293 /* RateItem.swift */ = {isa = PBXFileReference; lastKnownFileType = sourcecode.swift; path = RateItem.swift; sourceTree = "<group>"; };
		4F5DF33023F2F1A400C1EB07 /* RateDataBase.swift */ = {isa = PBXFileReference; lastKnownFileType = sourcecode.swift; path = RateDataBase.swift; sourceTree = "<group>"; };
		4F5DF33423F2F35200C1EB07 /* RateDBModel.swift */ = {isa = PBXFileReference; lastKnownFileType = sourcecode.swift; path = RateDBModel.swift; sourceTree = "<group>"; };
		4F805D9623EB1CB30059C671 /* testProject.app */ = {isa = PBXFileReference; explicitFileType = wrapper.application; includeInIndex = 0; path = testProject.app; sourceTree = BUILT_PRODUCTS_DIR; };
		4F805D9923EB1CB30059C671 /* AppDelegate.swift */ = {isa = PBXFileReference; lastKnownFileType = sourcecode.swift; path = AppDelegate.swift; sourceTree = "<group>"; };
		4F805DA223EB1CB60059C671 /* Assets.xcassets */ = {isa = PBXFileReference; lastKnownFileType = folder.assetcatalog; path = Assets.xcassets; sourceTree = "<group>"; };
		4F805DA723EB1CB60059C671 /* Info.plist */ = {isa = PBXFileReference; lastKnownFileType = text.plist.xml; path = Info.plist; sourceTree = "<group>"; };
		4F99EE7923ECA2E7000898F2 /* RatesVCDelegate.swift */ = {isa = PBXFileReference; lastKnownFileType = sourcecode.swift; path = RatesVCDelegate.swift; sourceTree = "<group>"; };
		4F99EE7B23ECA5FB000898F2 /* RepositoryProtocol.swift */ = {isa = PBXFileReference; lastKnownFileType = sourcecode.swift; path = RepositoryProtocol.swift; sourceTree = "<group>"; };
		4F99EE7D23F2DF1E000898F2 /* RealmSwift.framework */ = {isa = PBXFileReference; explicitFileType = wrapper.framework; path = RealmSwift.framework; sourceTree = BUILT_PRODUCTS_DIR; };
		4F99EE8123F2DF89000898F2 /* RealmSwift.framework */ = {isa = PBXFileReference; explicitFileType = wrapper.framework; path = RealmSwift.framework; sourceTree = BUILT_PRODUCTS_DIR; };
		4F99EE8323F2DFA5000898F2 /* Realm.framework */ = {isa = PBXFileReference; explicitFileType = wrapper.framework; path = Realm.framework; sourceTree = BUILT_PRODUCTS_DIR; };
		4F99EE8823F2DFD0000898F2 /* Realm.framework */ = {isa = PBXFileReference; explicitFileType = wrapper.framework; path = Realm.framework; sourceTree = BUILT_PRODUCTS_DIR; };
		4FB32EFA23F4652F009F1FB6 /* CountryAbbr.json */ = {isa = PBXFileReference; lastKnownFileType = text.json; path = CountryAbbr.json; sourceTree = "<group>"; };
		B3A33149C35AC4856079DA57 /* Pods-testProject.debug.xcconfig */ = {isa = PBXFileReference; includeInIndex = 1; lastKnownFileType = text.xcconfig; name = "Pods-testProject.debug.xcconfig"; path = "Target Support Files/Pods-testProject/Pods-testProject.debug.xcconfig"; sourceTree = "<group>"; };
		B5F57EF86E18031FED174421 /* Pods_testProject.framework */ = {isa = PBXFileReference; explicitFileType = wrapper.framework; includeInIndex = 0; path = Pods_testProject.framework; sourceTree = BUILT_PRODUCTS_DIR; };
		BBE8D7745F6B48A1E817C73C /* Pods-testProject.release.xcconfig */ = {isa = PBXFileReference; includeInIndex = 1; lastKnownFileType = text.xcconfig; name = "Pods-testProject.release.xcconfig"; path = "Target Support Files/Pods-testProject/Pods-testProject.release.xcconfig"; sourceTree = "<group>"; };
/* End PBXFileReference section */

/* Begin PBXFrameworksBuildPhase section */
		4F805D9323EB1CB30059C671 /* Frameworks */ = {
			isa = PBXFrameworksBuildPhase;
			buildActionMask = 2147483647;
			files = (
				4F99EE8923F2DFD0000898F2 /* Realm.framework in Frameworks */,
				008281839A14BAF65BC27C24 /* Pods_testProject.framework in Frameworks */,
			);
			runOnlyForDeploymentPostprocessing = 0;
		};
/* End PBXFrameworksBuildPhase section */

/* Begin PBXGroup section */
		2F504FECB783E7AAE1B5906C /* Frameworks */ = {
			isa = PBXGroup;
			children = (
				4F99EE8823F2DFD0000898F2 /* Realm.framework */,
				4F99EE8323F2DFA5000898F2 /* Realm.framework */,
				4F99EE8123F2DF89000898F2 /* RealmSwift.framework */,
				4F99EE7D23F2DF1E000898F2 /* RealmSwift.framework */,
				4F5D120923EC48D000754293 /* Realm.framework */,
				4F5D120523EC48A700754293 /* Realm.framework */,
				B5F57EF86E18031FED174421 /* Pods_testProject.framework */,
			);
			name = Frameworks;
			sourceTree = "<group>";
		};
		4F5AFE7823EC7C18004EDF34 /* Cells */ = {
			isa = PBXGroup;
			children = (
				4F5AFE7623EC7BF0004EDF34 /* RateCell.swift */,
				4F5AFE7923EC7C2D004EDF34 /* RateCell.xib */,
			);
			path = Cells;
			sourceTree = "<group>";
		};
		4F5D11F623EC358D00754293 /* Model */ = {
			isa = PBXGroup;
			children = (
				4F5DF33323F2F31600C1EB07 /* Repository */,
				4F5DF33223F2F30800C1EB07 /* DataBase */,
				4F5D122D23EC6BF200754293 /* RateItem.swift */,
			);
			path = Model;
			sourceTree = "<group>";
		};
		4F5D11F723EC359500754293 /* View */ = {
			isa = PBXGroup;
			children = (
				4F5AFE7823EC7C18004EDF34 /* Cells */,
				4F5D11F923EC3F1500754293 /* RatesViewController.swift */,
				4F99EE7923ECA2E7000898F2 /* RatesVCDelegate.swift */,
			);
			path = View;
			sourceTree = "<group>";
		};
		4F5D11F823EC359700754293 /* ViewModel */ = {
			isa = PBXGroup;
			children = (
				4F5D122323EC565000754293 /* RatesViewModel.swift */,
				4F5D122523EC569B00754293 /* RateViewModel.swift */,
			);
			path = ViewModel;
			sourceTree = "<group>";
		};
		4F5D11FD23EC420B00754293 /* Utility */ = {
			isa = PBXGroup;
			children = (
				4F5D122B23EC672300754293 /* Utility.swift */,
			);
			path = Utility;
			sourceTree = "<group>";
		};
		4F5D120023EC427900754293 /* Resources */ = {
			isa = PBXGroup;
			children = (
				4FB32EFA23F4652F009F1FB6 /* CountryAbbr.json */,
			);
			path = Resources;
			sourceTree = "<group>";
		};
		4F5D120D23EC4A9D00754293 /* NetworkService */ = {
			isa = PBXGroup;
			children = (
				4F5D121C23EC4BDC00754293 /* Encoding */,
				4F5D120E23EC4ABB00754293 /* NetworkService.swift */,
				4F5D121A23EC4B9400754293 /* NetworkServiceProtocol.swift */,
				4F5D121023EC4AF800754293 /* EndPointType.swift */,
				4F5D121423EC4B3100754293 /* NetworkResponse.swift */,
				4F5D121623EC4B3F00754293 /* ParameterEncoder.swift */,
				4F5D121823EC4B4F00754293 /* NetworkError.swift */,
				4F5D122123EC53C900754293 /* HTTPMethod.swift */,
			);
			path = NetworkService;
			sourceTree = "<group>";
		};
		4F5D121C23EC4BDC00754293 /* Encoding */ = {
			isa = PBXGroup;
			children = (
				4F5D121D23EC4BEF00754293 /* URLParameterEncoder.swift */,
				4F5D121F23EC4C0600754293 /* JSONParameterEncoder.swift */,
			);
			path = Encoding;
			sourceTree = "<group>";
		};
		4F5D123023EC6F4B00754293 /* Extensions */ = {
			isa = PBXGroup;
			children = (
				4F5D11FE23EC422C00754293 /* UIImageView+Extension.swift */,
			);
			path = Extensions;
			sourceTree = "<group>";
		};
		4F5DF33223F2F30800C1EB07 /* DataBase */ = {
			isa = PBXGroup;
			children = (
				4F5DF33023F2F1A400C1EB07 /* RateDataBase.swift */,
				4F5DF33423F2F35200C1EB07 /* RateDBModel.swift */,
			);
			path = DataBase;
			sourceTree = "<group>";
		};
		4F5DF33323F2F31600C1EB07 /* Repository */ = {
			isa = PBXGroup;
			children = (
				4F99EE7B23ECA5FB000898F2 /* RepositoryProtocol.swift */,
				4F5D122723EC64BC00754293 /* RatesRepository.swift */,
			);
			path = Repository;
			sourceTree = "<group>";
		};
		4F805D8D23EB1CB30059C671 = {
			isa = PBXGroup;
			children = (
				4F5D11FB23EC405E00754293 /* Default-568h@2x.png */,
				4F805D9923EB1CB30059C671 /* AppDelegate.swift */,
				4F805D9823EB1CB30059C671 /* testProject */,
				4F805D9723EB1CB30059C671 /* Products */,
				BEB217D3DEB2862AB733608A /* Pods */,
				2F504FECB783E7AAE1B5906C /* Frameworks */,
			);
			sourceTree = "<group>";
		};
		4F805D9723EB1CB30059C671 /* Products */ = {
			isa = PBXGroup;
			children = (
				4F805D9623EB1CB30059C671 /* testProject.app */,
			);
			name = Products;
			sourceTree = "<group>";
		};
		4F805D9823EB1CB30059C671 /* testProject */ = {
			isa = PBXGroup;
			children = (
				4F5D11F623EC358D00754293 /* Model */,
				4F5D11F823EC359700754293 /* ViewModel */,
				4F5D11F723EC359500754293 /* View */,
				4F5D120D23EC4A9D00754293 /* NetworkService */,
				4F5D123023EC6F4B00754293 /* Extensions */,
				4F5D11FD23EC420B00754293 /* Utility */,
				4F5D120023EC427900754293 /* Resources */,
				4F805DA223EB1CB60059C671 /* Assets.xcassets */,
				4F805DA723EB1CB60059C671 /* Info.plist */,
			);
			path = testProject;
			sourceTree = "<group>";
		};
		BEB217D3DEB2862AB733608A /* Pods */ = {
			isa = PBXGroup;
			children = (
				B3A33149C35AC4856079DA57 /* Pods-testProject.debug.xcconfig */,
				BBE8D7745F6B48A1E817C73C /* Pods-testProject.release.xcconfig */,
			);
			path = Pods;
			sourceTree = "<group>";
		};
/* End PBXGroup section */

/* Begin PBXNativeTarget section */
		4F805D9523EB1CB30059C671 /* testProject */ = {
			isa = PBXNativeTarget;
			buildConfigurationList = 4F805DAA23EB1CB60059C671 /* Build configuration list for PBXNativeTarget "testProject" */;
			buildPhases = (
				EC92FF12E355C1F6D8DA6893 /* [CP] Check Pods Manifest.lock */,
				4F805D9223EB1CB30059C671 /* Sources */,
				4F805D9323EB1CB30059C671 /* Frameworks */,
				4F805D9423EB1CB30059C671 /* Resources */,
				FE5A5AE4BF02903EF97B21AC /* [CP] Embed Pods Frameworks */,
			);
			buildRules = (
			);
			dependencies = (
			);
			name = testProject;
			productName = testProject;
			productReference = 4F805D9623EB1CB30059C671 /* testProject.app */;
			productType = "com.apple.product-type.application";
		};
/* End PBXNativeTarget section */

/* Begin PBXProject section */
		4F805D8E23EB1CB30059C671 /* Project object */ = {
			isa = PBXProject;
			attributes = {
				LastSwiftUpdateCheck = 1130;
				LastUpgradeCheck = 1130;
				ORGANIZATIONNAME = "Galina Fedorova";
				TargetAttributes = {
					4F805D9523EB1CB30059C671 = {
						CreatedOnToolsVersion = 11.3;
					};
				};
			};
			buildConfigurationList = 4F805D9123EB1CB30059C671 /* Build configuration list for PBXProject "testProject" */;
			compatibilityVersion = "Xcode 9.3";
			developmentRegion = en;
			hasScannedForEncodings = 0;
			knownRegions = (
				en,
				Base,
			);
			mainGroup = 4F805D8D23EB1CB30059C671;
			productRefGroup = 4F805D9723EB1CB30059C671 /* Products */;
			projectDirPath = "";
			projectRoot = "";
			targets = (
				4F805D9523EB1CB30059C671 /* testProject */,
			);
		};
/* End PBXProject section */

/* Begin PBXResourcesBuildPhase section */
		4F805D9423EB1CB30059C671 /* Resources */ = {
			isa = PBXResourcesBuildPhase;
			buildActionMask = 2147483647;
			files = (
				4FB32EFB23F4652F009F1FB6 /* CountryAbbr.json in Resources */,
				4F5AFE7A23EC7C2D004EDF34 /* RateCell.xib in Resources */,
				4F805DA323EB1CB60059C671 /* Assets.xcassets in Resources */,
				4F5D11FC23EC405E00754293 /* Default-568h@2x.png in Resources */,
			);
			runOnlyForDeploymentPostprocessing = 0;
		};
/* End PBXResourcesBuildPhase section */

/* Begin PBXShellScriptBuildPhase section */
		EC92FF12E355C1F6D8DA6893 /* [CP] Check Pods Manifest.lock */ = {
			isa = PBXShellScriptBuildPhase;
			buildActionMask = 2147483647;
			files = (
			);
			inputFileListPaths = (
			);
			inputPaths = (
				"${PODS_PODFILE_DIR_PATH}/Podfile.lock",
				"${PODS_ROOT}/Manifest.lock",
			);
			name = "[CP] Check Pods Manifest.lock";
			outputFileListPaths = (
			);
			outputPaths = (
				"$(DERIVED_FILE_DIR)/Pods-testProject-checkManifestLockResult.txt",
			);
			runOnlyForDeploymentPostprocessing = 0;
			shellPath = /bin/sh;
			shellScript = "diff \"${PODS_PODFILE_DIR_PATH}/Podfile.lock\" \"${PODS_ROOT}/Manifest.lock\" > /dev/null\nif [ $? != 0 ] ; then\n    # print error to STDERR\n    echo \"error: The sandbox is not in sync with the Podfile.lock. Run 'pod install' or update your CocoaPods installation.\" >&2\n    exit 1\nfi\n# This output is used by Xcode 'outputs' to avoid re-running this script phase.\necho \"SUCCESS\" > \"${SCRIPT_OUTPUT_FILE_0}\"\n";
			showEnvVarsInLog = 0;
		};
		FE5A5AE4BF02903EF97B21AC /* [CP] Embed Pods Frameworks */ = {
			isa = PBXShellScriptBuildPhase;
			buildActionMask = 2147483647;
			files = (
			);
			inputFileListPaths = (
				"${PODS_ROOT}/Target Support Files/Pods-testProject/Pods-testProject-frameworks-${CONFIGURATION}-input-files.xcfilelist",
			);
			name = "[CP] Embed Pods Frameworks";
			outputFileListPaths = (
				"${PODS_ROOT}/Target Support Files/Pods-testProject/Pods-testProject-frameworks-${CONFIGURATION}-output-files.xcfilelist",
			);
			runOnlyForDeploymentPostprocessing = 0;
			shellPath = /bin/sh;
			shellScript = "\"${PODS_ROOT}/Target Support Files/Pods-testProject/Pods-testProject-frameworks.sh\"\n";
			showEnvVarsInLog = 0;
		};
/* End PBXShellScriptBuildPhase section */

/* Begin PBXSourcesBuildPhase section */
		4F805D9223EB1CB30059C671 /* Sources */ = {
			isa = PBXSourcesBuildPhase;
			buildActionMask = 2147483647;
			files = (
				4F5D122823EC64BC00754293 /* RatesRepository.swift in Sources */,
				4F99EE7C23ECA5FB000898F2 /* RepositoryProtocol.swift in Sources */,
				4F5D11FA23EC3F1500754293 /* RatesViewController.swift in Sources */,
				4F5AFE7723EC7BF0004EDF34 /* RateCell.swift in Sources */,
				4F5D121E23EC4BEF00754293 /* URLParameterEncoder.swift in Sources */,
				4F5D122423EC565000754293 /* RatesViewModel.swift in Sources */,
				4F805D9A23EB1CB30059C671 /* AppDelegate.swift in Sources */,
				4F5D122E23EC6BF200754293 /* RateItem.swift in Sources */,
				4F5D121723EC4B3F00754293 /* ParameterEncoder.swift in Sources */,
				4F5D122623EC569B00754293 /* RateViewModel.swift in Sources */,
				4F5D121523EC4B3100754293 /* NetworkResponse.swift in Sources */,
				4F99EE7A23ECA2E7000898F2 /* RatesVCDelegate.swift in Sources */,
				4F5DF33523F2F35200C1EB07 /* RateDBModel.swift in Sources */,
				4F5D121B23EC4B9400754293 /* NetworkServiceProtocol.swift in Sources */,
				4F5D11FF23EC422C00754293 /* UIImageView+Extension.swift in Sources */,
				4F5D121123EC4AF800754293 /* EndPointType.swift in Sources */,
				4F5D122223EC53C900754293 /* HTTPMethod.swift in Sources */,
				4F5D122023EC4C0600754293 /* JSONParameterEncoder.swift in Sources */,
				4F5D121923EC4B4F00754293 /* NetworkError.swift in Sources */,
				4F5D120F23EC4ABB00754293 /* NetworkService.swift in Sources */,
				4F5DF33123F2F1A400C1EB07 /* RateDataBase.swift in Sources */,
				4F5D122C23EC672300754293 /* Utility.swift in Sources */,
			);
			runOnlyForDeploymentPostprocessing = 0;
		};
/* End PBXSourcesBuildPhase section */

/* Begin XCBuildConfiguration section */
		4F805DA823EB1CB60059C671 /* Debug */ = {
			isa = XCBuildConfiguration;
			buildSettings = {
				ALWAYS_SEARCH_USER_PATHS = NO;
				CLANG_ANALYZER_NONNULL = YES;
				CLANG_ANALYZER_NUMBER_OBJECT_CONVERSION = YES_AGGRESSIVE;
				CLANG_CXX_LANGUAGE_STANDARD = "gnu++14";
				CLANG_CXX_LIBRARY = "libc++";
				CLANG_ENABLE_MODULES = YES;
				CLANG_ENABLE_OBJC_ARC = YES;
				CLANG_ENABLE_OBJC_WEAK = YES;
				CLANG_WARN_BLOCK_CAPTURE_AUTORELEASING = YES;
				CLANG_WARN_BOOL_CONVERSION = YES;
				CLANG_WARN_COMMA = YES;
				CLANG_WARN_CONSTANT_CONVERSION = YES;
				CLANG_WARN_DEPRECATED_OBJC_IMPLEMENTATIONS = YES;
				CLANG_WARN_DIRECT_OBJC_ISA_USAGE = YES_ERROR;
				CLANG_WARN_DOCUMENTATION_COMMENTS = YES;
				CLANG_WARN_EMPTY_BODY = YES;
				CLANG_WARN_ENUM_CONVERSION = YES;
				CLANG_WARN_INFINITE_RECURSION = YES;
				CLANG_WARN_INT_CONVERSION = YES;
				CLANG_WARN_NON_LITERAL_NULL_CONVERSION = YES;
				CLANG_WARN_OBJC_IMPLICIT_RETAIN_SELF = YES;
				CLANG_WARN_OBJC_LITERAL_CONVERSION = YES;
				CLANG_WARN_OBJC_ROOT_CLASS = YES_ERROR;
				CLANG_WARN_RANGE_LOOP_ANALYSIS = YES;
				CLANG_WARN_STRICT_PROTOTYPES = YES;
				CLANG_WARN_SUSPICIOUS_MOVE = YES;
				CLANG_WARN_UNGUARDED_AVAILABILITY = YES_AGGRESSIVE;
				CLANG_WARN_UNREACHABLE_CODE = YES;
				CLANG_WARN__DUPLICATE_METHOD_MATCH = YES;
				COPY_PHASE_STRIP = NO;
				DEBUG_INFORMATION_FORMAT = dwarf;
				ENABLE_STRICT_OBJC_MSGSEND = YES;
				ENABLE_TESTABILITY = YES;
				GCC_C_LANGUAGE_STANDARD = gnu11;
				GCC_DYNAMIC_NO_PIC = NO;
				GCC_NO_COMMON_BLOCKS = YES;
				GCC_OPTIMIZATION_LEVEL = 0;
				GCC_PREPROCESSOR_DEFINITIONS = (
					"DEBUG=1",
					"$(inherited)",
				);
				GCC_WARN_64_TO_32_BIT_CONVERSION = YES;
				GCC_WARN_ABOUT_RETURN_TYPE = YES_ERROR;
				GCC_WARN_UNDECLARED_SELECTOR = YES;
				GCC_WARN_UNINITIALIZED_AUTOS = YES_AGGRESSIVE;
				GCC_WARN_UNUSED_FUNCTION = YES;
				GCC_WARN_UNUSED_VARIABLE = YES;
				IPHONEOS_DEPLOYMENT_TARGET = 13.2;
				MTL_ENABLE_DEBUG_INFO = INCLUDE_SOURCE;
				MTL_FAST_MATH = YES;
				ONLY_ACTIVE_ARCH = YES;
				SDKROOT = iphoneos;
				SWIFT_ACTIVE_COMPILATION_CONDITIONS = DEBUG;
				SWIFT_OPTIMIZATION_LEVEL = "-Onone";
			};
			name = Debug;
		};
		4F805DA923EB1CB60059C671 /* Release */ = {
			isa = XCBuildConfiguration;
			buildSettings = {
				ALWAYS_SEARCH_USER_PATHS = NO;
				CLANG_ANALYZER_NONNULL = YES;
				CLANG_ANALYZER_NUMBER_OBJECT_CONVERSION = YES_AGGRESSIVE;
				CLANG_CXX_LANGUAGE_STANDARD = "gnu++14";
				CLANG_CXX_LIBRARY = "libc++";
				CLANG_ENABLE_MODULES = YES;
				CLANG_ENABLE_OBJC_ARC = YES;
				CLANG_ENABLE_OBJC_WEAK = YES;
				CLANG_WARN_BLOCK_CAPTURE_AUTORELEASING = YES;
				CLANG_WARN_BOOL_CONVERSION = YES;
				CLANG_WARN_COMMA = YES;
				CLANG_WARN_CONSTANT_CONVERSION = YES;
				CLANG_WARN_DEPRECATED_OBJC_IMPLEMENTATIONS = YES;
				CLANG_WARN_DIRECT_OBJC_ISA_USAGE = YES_ERROR;
				CLANG_WARN_DOCUMENTATION_COMMENTS = YES;
				CLANG_WARN_EMPTY_BODY = YES;
				CLANG_WARN_ENUM_CONVERSION = YES;
				CLANG_WARN_INFINITE_RECURSION = YES;
				CLANG_WARN_INT_CONVERSION = YES;
				CLANG_WARN_NON_LITERAL_NULL_CONVERSION = YES;
				CLANG_WARN_OBJC_IMPLICIT_RETAIN_SELF = YES;
				CLANG_WARN_OBJC_LITERAL_CONVERSION = YES;
				CLANG_WARN_OBJC_ROOT_CLASS = YES_ERROR;
				CLANG_WARN_RANGE_LOOP_ANALYSIS = YES;
				CLANG_WARN_STRICT_PROTOTYPES = YES;
				CLANG_WARN_SUSPICIOUS_MOVE = YES;
				CLANG_WARN_UNGUARDED_AVAILABILITY = YES_AGGRESSIVE;
				CLANG_WARN_UNREACHABLE_CODE = YES;
				CLANG_WARN__DUPLICATE_METHOD_MATCH = YES;
				COPY_PHASE_STRIP = NO;
				DEBUG_INFORMATION_FORMAT = "dwarf-with-dsym";
				ENABLE_NS_ASSERTIONS = NO;
				ENABLE_STRICT_OBJC_MSGSEND = YES;
				GCC_C_LANGUAGE_STANDARD = gnu11;
				GCC_NO_COMMON_BLOCKS = YES;
				GCC_WARN_64_TO_32_BIT_CONVERSION = YES;
				GCC_WARN_ABOUT_RETURN_TYPE = YES_ERROR;
				GCC_WARN_UNDECLARED_SELECTOR = YES;
				GCC_WARN_UNINITIALIZED_AUTOS = YES_AGGRESSIVE;
				GCC_WARN_UNUSED_FUNCTION = YES;
				GCC_WARN_UNUSED_VARIABLE = YES;
				IPHONEOS_DEPLOYMENT_TARGET = 13.2;
				MTL_ENABLE_DEBUG_INFO = NO;
				MTL_FAST_MATH = YES;
				SDKROOT = iphoneos;
				SWIFT_COMPILATION_MODE = wholemodule;
				SWIFT_OPTIMIZATION_LEVEL = "-O";
				VALIDATE_PRODUCT = YES;
			};
			name = Release;
		};
		4F805DAB23EB1CB60059C671 /* Debug */ = {
			isa = XCBuildConfiguration;
			baseConfigurationReference = B3A33149C35AC4856079DA57 /* Pods-testProject.debug.xcconfig */;
			buildSettings = {
				ASSETCATALOG_COMPILER_APPICON_NAME = AppIcon;
				CODE_SIGN_STYLE = Automatic;
				DEVELOPMENT_TEAM = N8B5N9876K;
				INFOPLIST_FILE = testProject/Info.plist;
				LD_RUNPATH_SEARCH_PATHS = (
					"$(inherited)",
					"@executable_path/Frameworks",
				);
				PRODUCT_BUNDLE_IDENTIFIER = galinafedorova.testProject;
				PRODUCT_NAME = "$(TARGET_NAME)";
				SWIFT_VERSION = 5.0;
				TARGETED_DEVICE_FAMILY = "1,2";
			};
			name = Debug;
		};
		4F805DAC23EB1CB60059C671 /* Release */ = {
			isa = XCBuildConfiguration;
			baseConfigurationReference = BBE8D7745F6B48A1E817C73C /* Pods-testProject.release.xcconfig */;
			buildSettings = {
				ASSETCATALOG_COMPILER_APPICON_NAME = AppIcon;
				CODE_SIGN_STYLE = Automatic;
				DEVELOPMENT_TEAM = N8B5N9876K;
				INFOPLIST_FILE = testProject/Info.plist;
				LD_RUNPATH_SEARCH_PATHS = (
					"$(inherited)",
					"@executable_path/Frameworks",
				);
				PRODUCT_BUNDLE_IDENTIFIER = galinafedorova.testProject;
				PRODUCT_NAME = "$(TARGET_NAME)";
				SWIFT_VERSION = 5.0;
				TARGETED_DEVICE_FAMILY = "1,2";
			};
			name = Release;
		};
/* End XCBuildConfiguration section */

/* Begin XCConfigurationList section */
		4F805D9123EB1CB30059C671 /* Build configuration list for PBXProject "testProject" */ = {
			isa = XCConfigurationList;
			buildConfigurations = (
				4F805DA823EB1CB60059C671 /* Debug */,
				4F805DA923EB1CB60059C671 /* Release */,
			);
			defaultConfigurationIsVisible = 0;
			defaultConfigurationName = Release;
		};
		4F805DAA23EB1CB60059C671 /* Build configuration list for PBXNativeTarget "testProject" */ = {
			isa = XCConfigurationList;
			buildConfigurations = (
				4F805DAB23EB1CB60059C671 /* Debug */,
				4F805DAC23EB1CB60059C671 /* Release */,
			);
			defaultConfigurationIsVisible = 0;
			defaultConfigurationName = Release;
		};
/* End XCConfigurationList section */
	};
	rootObject = 4F805D8E23EB1CB30059C671 /* Project object */;
}
